
Microsoft Visual Studio Solution File, Format Version 12.00
# Visual Studio Version 17
VisualStudioVersion = 17.3.32811.315
MinimumVisualStudioVersion = 10.0.40219.1
Project("{2150E333-8FDC-42A3-9474-1A3956D46DE8}") = "src", "src", "{9CCF775E-9F06-4F7F-8D4D-4045DC4E3224}"
EndProject
Project("{2150E333-8FDC-42A3-9474-1A3956D46DE8}") = "Sales", "Sales", "{CA951956-5C01-4C5E-8511-322DFB654BD3}"
EndProject
Project("{2150E333-8FDC-42A3-9474-1A3956D46DE8}") = "Catalog", "Catalog", "{FFB405FC-4375-40BA-9083-14BA1069A53E}"
EndProject
Project("{9A19103F-16F7-4668-BE54-9A1E7A4F7556}") = "Catalog", "Catalog\Catalog.csproj", "{E3F4D615-859A-40C5-91B3-6C7EC0AE5BEA}"
EndProject
Project("{9A19103F-16F7-4668-BE54-9A1E7A4F7556}") = "Catalog.Contracts", "Catalog.Contracts\Catalog.Contracts.csproj", "{CC1FDC48-C859-440A-B50B-A27CF9CC0651}"
EndProject
Project("{9A19103F-16F7-4668-BE54-9A1E7A4F7556}") = "Catalog.Tests", "Catalog.Tests\Catalog.Tests.csproj", "{40E58B9D-6E96-4D19-B488-A93808D34DCD}"
EndProject
Project("{9A19103F-16F7-4668-BE54-9A1E7A4F7556}") = "AspNetCore", "AspNetCore\AspNetCore.csproj", "{8CAC846B-4299-4A98-ABDF-856535486112}"
EndProject
Project("{9A19103F-16F7-4668-BE54-9A1E7A4F7556}") = "Core", "Core\Core.csproj", "{D3609321-0AD3-4793-B166-CC4F0FBE2336}"
EndProject
Project("{2150E333-8FDC-42A3-9474-1A3956D46DE8}") = "Basket", "Basket", "{64EFC477-1293-4304-9D10-940BB0DD9448}"
EndProject
Project("{9A19103F-16F7-4668-BE54-9A1E7A4F7556}") = "Basket", "Basket\Basket.csproj", "{DE1CEB4E-4224-4A70-AF0B-8D908DF1D925}"
EndProject
Project("{9A19103F-16F7-4668-BE54-9A1E7A4F7556}") = "Basket.Contracts", "Basket.Contracts\Basket.Contracts.csproj", "{46DCF693-E7A7-4BC8-9E79-EC173C54619D}"
EndProject
Project("{9A19103F-16F7-4668-BE54-9A1E7A4F7556}") = "Basket.Tests", "Basket.Tests\Basket.Tests.csproj", "{E63F4C6B-E0CB-49A9-97F2-713437F6CC23}"
EndProject
Project("{2150E333-8FDC-42A3-9474-1A3956D46DE8}") = "Order", "Order", "{C0B39EC5-4E21-48B4-9745-D4D519887AA9}"
EndProject
Project("{FAE04EC0-301F-11D3-BF4B-00C04F79EFBC}") = "Order.Tests", "Order.Tests\Order.Tests.csproj", "{8FF008F6-065F-4DA2-BE47-13E658D50F15}"
EndProject
Project("{FAE04EC0-301F-11D3-BF4B-00C04F79EFBC}") = "Order", "Order\Order.csproj", "{8BE0A329-F396-4C34-94D9-DEE2A6E4B184}"
EndProject
Project("{FAE04EC0-301F-11D3-BF4B-00C04F79EFBC}") = "Order.Contracts", "Order.Contracts\Order.Contracts.csproj", "{0536D2D8-FAB3-4CD1-9811-BE27A670AC07}"
EndProject
Global
	GlobalSection(SolutionConfigurationPlatforms) = preSolution
		Debug|Any CPU = Debug|Any CPU
		Release|Any CPU = Release|Any CPU
	EndGlobalSection
	GlobalSection(ProjectConfigurationPlatforms) = postSolution
		{E3F4D615-859A-40C5-91B3-6C7EC0AE5BEA}.Debug|Any CPU.ActiveCfg = Debug|Any CPU
		{E3F4D615-859A-40C5-91B3-6C7EC0AE5BEA}.Debug|Any CPU.Build.0 = Debug|Any CPU
		{E3F4D615-859A-40C5-91B3-6C7EC0AE5BEA}.Release|Any CPU.ActiveCfg = Release|Any CPU
		{E3F4D615-859A-40C5-91B3-6C7EC0AE5BEA}.Release|Any CPU.Build.0 = Release|Any CPU
		{CC1FDC48-C859-440A-B50B-A27CF9CC0651}.Debug|Any CPU.ActiveCfg = Debug|Any CPU
		{CC1FDC48-C859-440A-B50B-A27CF9CC0651}.Debug|Any CPU.Build.0 = Debug|Any CPU
		{CC1FDC48-C859-440A-B50B-A27CF9CC0651}.Release|Any CPU.ActiveCfg = Release|Any CPU
		{CC1FDC48-C859-440A-B50B-A27CF9CC0651}.Release|Any CPU.Build.0 = Release|Any CPU
		{40E58B9D-6E96-4D19-B488-A93808D34DCD}.Debug|Any CPU.ActiveCfg = Debug|Any CPU
		{40E58B9D-6E96-4D19-B488-A93808D34DCD}.Debug|Any CPU.Build.0 = Debug|Any CPU
		{40E58B9D-6E96-4D19-B488-A93808D34DCD}.Release|Any CPU.ActiveCfg = Release|Any CPU
		{40E58B9D-6E96-4D19-B488-A93808D34DCD}.Release|Any CPU.Build.0 = Release|Any CPU
		{8CAC846B-4299-4A98-ABDF-856535486112}.Debug|Any CPU.ActiveCfg = Debug|Any CPU
		{8CAC846B-4299-4A98-ABDF-856535486112}.Debug|Any CPU.Build.0 = Debug|Any CPU
		{8CAC846B-4299-4A98-ABDF-856535486112}.Release|Any CPU.ActiveCfg = Release|Any CPU
		{8CAC846B-4299-4A98-ABDF-856535486112}.Release|Any CPU.Build.0 = Release|Any CPU
		{D3609321-0AD3-4793-B166-CC4F0FBE2336}.Debug|Any CPU.ActiveCfg = Debug|Any CPU
		{D3609321-0AD3-4793-B166-CC4F0FBE2336}.Debug|Any CPU.Build.0 = Debug|Any CPU
		{D3609321-0AD3-4793-B166-CC4F0FBE2336}.Release|Any CPU.ActiveCfg = Release|Any CPU
		{D3609321-0AD3-4793-B166-CC4F0FBE2336}.Release|Any CPU.Build.0 = Release|Any CPU
		{DE1CEB4E-4224-4A70-AF0B-8D908DF1D925}.Debug|Any CPU.ActiveCfg = Debug|Any CPU
		{DE1CEB4E-4224-4A70-AF0B-8D908DF1D925}.Debug|Any CPU.Build.0 = Debug|Any CPU
		{DE1CEB4E-4224-4A70-AF0B-8D908DF1D925}.Release|Any CPU.ActiveCfg = Release|Any CPU
		{DE1CEB4E-4224-4A70-AF0B-8D908DF1D925}.Release|Any CPU.Build.0 = Release|Any CPU
		{46DCF693-E7A7-4BC8-9E79-EC173C54619D}.Debug|Any CPU.ActiveCfg = Debug|Any CPU
		{46DCF693-E7A7-4BC8-9E79-EC173C54619D}.Debug|Any CPU.Build.0 = Debug|Any CPU
		{46DCF693-E7A7-4BC8-9E79-EC173C54619D}.Release|Any CPU.ActiveCfg = Release|Any CPU
		{46DCF693-E7A7-4BC8-9E79-EC173C54619D}.Release|Any CPU.Build.0 = Release|Any CPU
		{E63F4C6B-E0CB-49A9-97F2-713437F6CC23}.Debug|Any CPU.ActiveCfg = Debug|Any CPU
		{E63F4C6B-E0CB-49A9-97F2-713437F6CC23}.Debug|Any CPU.Build.0 = Debug|Any CPU
		{E63F4C6B-E0CB-49A9-97F2-713437F6CC23}.Release|Any CPU.ActiveCfg = Release|Any CPU
		{E63F4C6B-E0CB-49A9-97F2-713437F6CC23}.Release|Any CPU.Build.0 = Release|Any CPU
		{8FF008F6-065F-4DA2-BE47-13E658D50F15}.Debug|Any CPU.ActiveCfg = Debug|Any CPU
		{8FF008F6-065F-4DA2-BE47-13E658D50F15}.Debug|Any CPU.Build.0 = Debug|Any CPU
		{8FF008F6-065F-4DA2-BE47-13E658D50F15}.Release|Any CPU.ActiveCfg = Release|Any CPU
		{8FF008F6-065F-4DA2-BE47-13E658D50F15}.Release|Any CPU.Build.0 = Release|Any CPU
		{8BE0A329-F396-4C34-94D9-DEE2A6E4B184}.Debug|Any CPU.ActiveCfg = Debug|Any CPU
		{8BE0A329-F396-4C34-94D9-DEE2A6E4B184}.Debug|Any CPU.Build.0 = Debug|Any CPU
		{8BE0A329-F396-4C34-94D9-DEE2A6E4B184}.Release|Any CPU.ActiveCfg = Release|Any CPU
		{8BE0A329-F396-4C34-94D9-DEE2A6E4B184}.Release|Any CPU.Build.0 = Release|Any CPU
		{0536D2D8-FAB3-4CD1-9811-BE27A670AC07}.Debug|Any CPU.ActiveCfg = Debug|Any CPU
		{0536D2D8-FAB3-4CD1-9811-BE27A670AC07}.Debug|Any CPU.Build.0 = Debug|Any CPU
		{0536D2D8-FAB3-4CD1-9811-BE27A670AC07}.Release|Any CPU.ActiveCfg = Release|Any CPU
		{0536D2D8-FAB3-4CD1-9811-BE27A670AC07}.Release|Any CPU.Build.0 = Release|Any CPU
	EndGlobalSection
	GlobalSection(SolutionProperties) = preSolution
		HideSolutionNode = FALSE
	EndGlobalSection
	GlobalSection(NestedProjects) = preSolution
		{CA951956-5C01-4C5E-8511-322DFB654BD3} = {9CCF775E-9F06-4F7F-8D4D-4045DC4E3224}
		{FFB405FC-4375-40BA-9083-14BA1069A53E} = {CA951956-5C01-4C5E-8511-322DFB654BD3}
		{E3F4D615-859A-40C5-91B3-6C7EC0AE5BEA} = {FFB405FC-4375-40BA-9083-14BA1069A53E}
		{CC1FDC48-C859-440A-B50B-A27CF9CC0651} = {FFB405FC-4375-40BA-9083-14BA1069A53E}
		{40E58B9D-6E96-4D19-B488-A93808D34DCD} = {FFB405FC-4375-40BA-9083-14BA1069A53E}
		{8CAC846B-4299-4A98-ABDF-856535486112} = {9CCF775E-9F06-4F7F-8D4D-4045DC4E3224}
		{D3609321-0AD3-4793-B166-CC4F0FBE2336} = {9CCF775E-9F06-4F7F-8D4D-4045DC4E3224}
		{64EFC477-1293-4304-9D10-940BB0DD9448} = {CA951956-5C01-4C5E-8511-322DFB654BD3}
		{DE1CEB4E-4224-4A70-AF0B-8D908DF1D925} = {64EFC477-1293-4304-9D10-940BB0DD9448}
		{46DCF693-E7A7-4BC8-9E79-EC173C54619D} = {64EFC477-1293-4304-9D10-940BB0DD9448}
		{E63F4C6B-E0CB-49A9-97F2-713437F6CC23} = {64EFC477-1293-4304-9D10-940BB0DD9448}
		{C0B39EC5-4E21-48B4-9745-D4D519887AA9} = {CA951956-5C01-4C5E-8511-322DFB654BD3}
		{8FF008F6-065F-4DA2-BE47-13E658D50F15} = {C0B39EC5-4E21-48B4-9745-D4D519887AA9}
		{8BE0A329-F396-4C34-94D9-DEE2A6E4B184} = {C0B39EC5-4E21-48B4-9745-D4D519887AA9}
		{0536D2D8-FAB3-4CD1-9811-BE27A670AC07} = {C0B39EC5-4E21-48B4-9745-D4D519887AA9}
	EndGlobalSection
	GlobalSection(ExtensibilityGlobals) = postSolution
		SolutionGuid = {BA0C0D8C-118D-4DA9-8CF4-4EDD587D33A6}
	EndGlobalSection
EndGlobal
